// !$*UTF8*$!
{
	archiveVersion = 1;
	classes = {
	};
	objectVersion = 46;
	objects = {

/* Begin PBXBuildFile section */
		EF04F1021D780514007D4EB8 /* ViewItemController.swift in Sources */ = {isa = PBXBuildFile; fileRef = EF04F1011D780514007D4EB8 /* ViewItemController.swift */; };
		EF3BFC321D90063B00ACA17D /* Item.swift in Sources */ = {isa = PBXBuildFile; fileRef = EF3BFC311D90063B00ACA17D /* Item.swift */; };
		EF3CF3081D754606005F141B /* AppDelegate.swift in Sources */ = {isa = PBXBuildFile; fileRef = EF3CF3071D754606005F141B /* AppDelegate.swift */; };
		EF3CF30A1D754606005F141B /* ViewController.swift in Sources */ = {isa = PBXBuildFile; fileRef = EF3CF3091D754606005F141B /* ViewController.swift */; };
		EF3CF30D1D754606005F141B /* Main.storyboard in Resources */ = {isa = PBXBuildFile; fileRef = EF3CF30B1D754606005F141B /* Main.storyboard */; };
		EF3CF30F1D754606005F141B /* Assets.xcassets in Resources */ = {isa = PBXBuildFile; fileRef = EF3CF30E1D754606005F141B /* Assets.xcassets */; };
		EF3CF3121D754606005F141B /* LaunchScreen.storyboard in Resources */ = {isa = PBXBuildFile; fileRef = EF3CF3101D754606005F141B /* LaunchScreen.storyboard */; };
		EF40C1B81D8685FC007E5825 /* To_Do_List.xcdatamodeld in Sources */ = {isa = PBXBuildFile; fileRef = EF40C1B61D8685FC007E5825 /* To_Do_List.xcdatamodeld */; };
		EF40C1BB1D86871E007E5825 /* List+CoreDataProperties.swift in Sources */ = {isa = PBXBuildFile; fileRef = EF40C1B91D86871E007E5825 /* List+CoreDataProperties.swift */; };
		EF40C1BC1D86871E007E5825 /* List.swift in Sources */ = {isa = PBXBuildFile; fileRef = EF40C1BA1D86871E007E5825 /* List.swift */; };
		EF40C1BE1D8688B8007E5825 /* DataController.swift in Sources */ = {isa = PBXBuildFile; fileRef = EF40C1BD1D8688B8007E5825 /* DataController.swift */; };
		EFF90EBD1D7589FE00DB77E1 /* AddItem.swift in Sources */ = {isa = PBXBuildFile; fileRef = EFF90EBC1D7589FE00DB77E1 /* AddItem.swift */; };
/* End PBXBuildFile section */

/* Begin PBXFileReference section */
		EF04F1011D780514007D4EB8 /* ViewItemController.swift */ = {isa = PBXFileReference; fileEncoding = 4; lastKnownFileType = sourcecode.swift; path = ViewItemController.swift; sourceTree = "<group>"; };
		EF3BFC311D90063B00ACA17D /* Item.swift */ = {isa = PBXFileReference; fileEncoding = 4; lastKnownFileType = sourcecode.swift; path = Item.swift; sourceTree = "<group>"; };
		EF3CF3041D754606005F141B /* To Do List.app */ = {isa = PBXFileReference; explicitFileType = wrapper.application; includeInIndex = 0; path = "To Do List.app"; sourceTree = BUILT_PRODUCTS_DIR; };
		EF3CF3071D754606005F141B /* AppDelegate.swift */ = {isa = PBXFileReference; lastKnownFileType = sourcecode.swift; path = AppDelegate.swift; sourceTree = "<group>"; };
		EF3CF3091D754606005F141B /* ViewController.swift */ = {isa = PBXFileReference; lastKnownFileType = sourcecode.swift; path = ViewController.swift; sourceTree = "<group>"; };
		EF3CF30C1D754606005F141B /* Base */ = {isa = PBXFileReference; lastKnownFileType = file.storyboard; name = Base; path = Base.lproj/Main.storyboard; sourceTree = "<group>"; };
		EF3CF30E1D754606005F141B /* Assets.xcassets */ = {isa = PBXFileReference; lastKnownFileType = folder.assetcatalog; path = Assets.xcassets; sourceTree = "<group>"; };
		EF3CF3111D754606005F141B /* Base */ = {isa = PBXFileReference; lastKnownFileType = file.storyboard; name = Base; path = Base.lproj/LaunchScreen.storyboard; sourceTree = "<group>"; };
		EF3CF3131D754606005F141B /* Info.plist */ = {isa = PBXFileReference; lastKnownFileType = text.plist.xml; path = Info.plist; sourceTree = "<group>"; };
		EF40C1B71D8685FC007E5825 /* To_Do_List.xcdatamodel */ = {isa = PBXFileReference; lastKnownFileType = wrapper.xcdatamodel; path = To_Do_List.xcdatamodel; sourceTree = "<group>"; };
		EF40C1B91D86871E007E5825 /* List+CoreDataProperties.swift */ = {isa = PBXFileReference; fileEncoding = 4; lastKnownFileType = sourcecode.swift; path = "List+CoreDataProperties.swift"; sourceTree = "<group>"; };
		EF40C1BA1D86871E007E5825 /* List.swift */ = {isa = PBXFileReference; fileEncoding = 4; lastKnownFileType = sourcecode.swift; path = List.swift; sourceTree = "<group>"; };
		EF40C1BD1D8688B8007E5825 /* DataController.swift */ = {isa = PBXFileReference; fileEncoding = 4; lastKnownFileType = sourcecode.swift; path = DataController.swift; sourceTree = "<group>"; };
		EFF90EBC1D7589FE00DB77E1 /* AddItem.swift */ = {isa = PBXFileReference; fileEncoding = 4; lastKnownFileType = sourcecode.swift; path = AddItem.swift; sourceTree = "<group>"; };
/* End PBXFileReference section */

/* Begin PBXFrameworksBuildPhase section */
		EF3CF3011D754606005F141B /* Frameworks */ = {
			isa = PBXFrameworksBuildPhase;
			buildActionMask = 2147483647;
			files = (
			);
			runOnlyForDeploymentPostprocessing = 0;
		};
/* End PBXFrameworksBuildPhase section */

/* Begin PBXGroup section */
		EF3CF2FB1D754606005F141B = {
			isa = PBXGroup;
			children = (
				EF40C1B91D86871E007E5825 /* List+CoreDataProperties.swift */,
				EF40C1BA1D86871E007E5825 /* List.swift */,
				EF3CF3061D754606005F141B /* To Do List */,
			);
			sourceTree = "<group>";
		};
		EF3CF3051D754606005F141B /* Products */ = {
			isa = PBXGroup;
			children = (
				EF3CF3041D754606005F141B /* To Do List.app */,
			);
			name = Products;
			path = ..;
			sourceTree = "<group>";
		};
		EF3CF3061D754606005F141B /* To Do List */ = {
			isa = PBXGroup;
			children = (
				EF3CF3071D754606005F141B /* AppDelegate.swift */,
				EF3CF3091D754606005F141B /* ViewController.swift */,
				EFF90EBC1D7589FE00DB77E1 /* AddItem.swift */,
				EF04F1011D780514007D4EB8 /* ViewItemController.swift */,
				EF3BFC311D90063B00ACA17D /* Item.swift */,
				EF40C1BD1D8688B8007E5825 /* DataController.swift */,
				EF3CF30B1D754606005F141B /* Main.storyboard */,
				EF3CF30E1D754606005F141B /* Assets.xcassets */,
				EF3CF3101D754606005F141B /* LaunchScreen.storyboard */,
				EF3CF3131D754606005F141B /* Info.plist */,
				EF40C1B61D8685FC007E5825 /* To_Do_List.xcdatamodeld */,
				EF3CF3051D754606005F141B /* Products */,
			);
			path = "To Do List";
			sourceTree = "<group>";
		};
/* End PBXGroup section */

/* Begin PBXNativeTarget section */
		EF3CF3031D754606005F141B /* To Do List */ = {
			isa = PBXNativeTarget;
			buildConfigurationList = EF3CF3161D754606005F141B /* Build configuration list for PBXNativeTarget "To Do List" */;
			buildPhases = (
				EF3CF3001D754606005F141B /* Sources */,
				EF3CF3011D754606005F141B /* Frameworks */,
				EF3CF3021D754606005F141B /* Resources */,
			);
			buildRules = (
			);
			dependencies = (
			);
			name = "To Do List";
			productName = "To Do List";
			productReference = EF3CF3041D754606005F141B /* To Do List.app */;
			productType = "com.apple.product-type.application";
		};
/* End PBXNativeTarget section */

/* Begin PBXProject section */
		EF3CF2FC1D754606005F141B /* Project object */ = {
			isa = PBXProject;
			attributes = {
				LastSwiftUpdateCheck = 0730;
				LastUpgradeCheck = 0800;
				ORGANIZATIONNAME = qburst;
				TargetAttributes = {
					EF3CF3031D754606005F141B = {
						CreatedOnToolsVersion = 7.3.1;
						LastSwiftMigration = 0800;
					};
				};
			};
			buildConfigurationList = EF3CF2FF1D754606005F141B /* Build configuration list for PBXProject "To Do List" */;
			compatibilityVersion = "Xcode 3.2";
			developmentRegion = English;
			hasScannedForEncodings = 0;
			knownRegions = (
				en,
				Base,
			);
			mainGroup = EF3CF2FB1D754606005F141B;
			productRefGroup = EF3CF3051D754606005F141B /* Products */;
			projectDirPath = "";
			projectRoot = "";
			targets = (
				EF3CF3031D754606005F141B /* To Do List */,
			);
		};
/* End PBXProject section */

/* Begin PBXResourcesBuildPhase section */
		EF3CF3021D754606005F141B /* Resources */ = {
			isa = PBXResourcesBuildPhase;
			buildActionMask = 2147483647;
			files = (
				EF3CF3121D754606005F141B /* LaunchScreen.storyboard in Resources */,
				EF3CF30F1D754606005F141B /* Assets.xcassets in Resources */,
				EF3CF30D1D754606005F141B /* Main.storyboard in Resources */,
			);
			runOnlyForDeploymentPostprocessing = 0;
		};
/* End PBXResourcesBuildPhase section */

/* Begin PBXSourcesBuildPhase section */
		EF3CF3001D754606005F141B /* Sources */ = {
			isa = PBXSourcesBuildPhase;
			buildActionMask = 2147483647;
			files = (
				EFF90EBD1D7589FE00DB77E1 /* AddItem.swift in Sources */,
				EF3BFC321D90063B00ACA17D /* Item.swift in Sources */,
				EF40C1BC1D86871E007E5825 /* List.swift in Sources */,
				EF40C1B81D8685FC007E5825 /* To_Do_List.xcdatamodeld in Sources */,
				EF04F1021D780514007D4EB8 /* ViewItemController.swift in Sources */,
				EF40C1BE1D8688B8007E5825 /* DataController.swift in Sources */,
				EF3CF30A1D754606005F141B /* ViewController.swift in Sources */,
				EF3CF3081D754606005F141B /* AppDelegate.swift in Sources */,
				EF40C1BB1D86871E007E5825 /* List+CoreDataProperties.swift in Sources */,
			);
			runOnlyForDeploymentPostprocessing = 0;
		};
/* End PBXSourcesBuildPhase section */

/* Begin PBXVariantGroup section */
		EF3CF30B1D754606005F141B /* Main.storyboard */ = {
			isa = PBXVariantGroup;
			children = (
				EF3CF30C1D754606005F141B /* Base */,
			);
			name = Main.storyboard;
			sourceTree = "<group>";
		};
		EF3CF3101D754606005F141B /* LaunchScreen.storyboard */ = {
			isa = PBXVariantGroup;
			children = (
				EF3CF3111D754606005F141B /* Base */,
			);
			name = LaunchScreen.storyboard;
			sourceTree = "<group>";
		};
/* End PBXVariantGroup section */

/* Begin XCBuildConfiguration section */
		EF3CF3141D754606005F141B /* Debug */ = {
			isa = XCBuildConfiguration;
			buildSettings = {
				ALWAYS_SEARCH_USER_PATHS = NO;
				CLANG_ANALYZER_NONNULL = YES;
				CLANG_CXX_LANGUAGE_STANDARD = "gnu++0x";
				CLANG_CXX_LIBRARY = "libc++";
				CLANG_ENABLE_MODULES = YES;
				CLANG_ENABLE_OBJC_ARC = YES;
				CLANG_WARN_BOOL_CONVERSION = YES;
				CLANG_WARN_CONSTANT_CONVERSION = YES;
				CLANG_WARN_DIRECT_OBJC_ISA_USAGE = YES_ERROR;
				CLANG_WARN_EMPTY_BODY = YES;
				CLANG_WARN_ENUM_CONVERSION = YES;
				CLANG_WARN_INFINITE_RECURSION = YES;
				CLANG_WARN_INT_CONVERSION = YES;
				CLANG_WARN_OBJC_ROOT_CLASS = YES_ERROR;
				CLANG_WARN_SUSPICIOUS_MOVE = YES;
				CLANG_WARN_UNREACHABLE_CODE = YES;
				CLANG_WARN__DUPLICATE_METHOD_MATCH = YES;
				"CODE_SIGN_IDENTITY[sdk=iphoneos*]" = "iPhone Developer";
				COPY_PHASE_STRIP = NO;
				DEBUG_INFORMATION_FORMAT = dwarf;
				ENABLE_STRICT_OBJC_MSGSEND = YES;
				ENABLE_TESTABILITY = YES;
				GCC_C_LANGUAGE_STANDARD = gnu99;
				GCC_DYNAMIC_NO_PIC = NO;
				GCC_NO_COMMON_BLOCKS = YES;
				GCC_OPTIMIZATION_LEVEL = 0;
				GCC_PREPROCESSOR_DEFINITIONS = (
					"DEBUG=1",
					"$(inherited)",
				);
				GCC_WARN_64_TO_32_BIT_CONVERSION = YES;
				GCC_WARN_ABOUT_RETURN_TYPE = YES_ERROR;
				GCC_WARN_UNDECLARED_SELECTOR = YES;
				GCC_WARN_UNINITIALIZED_AUTOS = YES_AGGRESSIVE;
				GCC_WARN_UNUSED_FUNCTION = YES;
				GCC_WARN_UNUSED_VARIABLE = YES;
				IPHONEOS_DEPLOYMENT_TARGET = 9.3;
				MTL_ENABLE_DEBUG_INFO = YES;
				ONLY_ACTIVE_ARCH = YES;
				SDKROOT = iphoneos;
				SWIFT_OPTIMIZATION_LEVEL = "-Onone";
			};
			name = Debug;
		};
		EF3CF3151D754606005F141B /* Release */ = {
			isa = XCBuildConfiguration;
			buildSettings = {
				ALWAYS_SEARCH_USER_PATHS = NO;
				CLANG_ANALYZER_NONNULL = YES;
				CLANG_CXX_LANGUAGE_STANDARD = "gnu++0x";
				CLANG_CXX_LIBRARY = "libc++";
				CLANG_ENABLE_MODULES = YES;
				CLANG_ENABLE_OBJC_ARC = YES;
				CLANG_WARN_BOOL_CONVERSION = YES;
				CLANG_WARN_CONSTANT_CONVERSION = YES;
				CLANG_WARN_DIRECT_OBJC_ISA_USAGE = YES_ERROR;
				CLANG_WARN_EMPTY_BODY = YES;
				CLANG_WARN_ENUM_CONVERSION = YES;
				CLANG_WARN_INFINITE_RECURSION = YES;
				CLANG_WARN_INT_CONVERSION = YES;
				CLANG_WARN_OBJC_ROOT_CLASS = YES_ERROR;
				CLANG_WARN_SUSPICIOUS_MOVE = YES;
				CLANG_WARN_UNREACHABLE_CODE = YES;
				CLANG_WARN__DUPLICATE_METHOD_MATCH = YES;
				"CODE_SIGN_IDENTITY[sdk=iphoneos*]" = "iPhone Developer";
				COPY_PHASE_STRIP = NO;
				DEBUG_INFORMATION_FORMAT = "dwarf-with-dsym";
				ENABLE_NS_ASSERTIONS = NO;
				ENABLE_STRICT_OBJC_MSGSEND = YES;
				GCC_C_LANGUAGE_STANDARD = gnu99;
				GCC_NO_COMMON_BLOCKS = YES;
				GCC_WARN_64_TO_32_BIT_CONVERSION = YES;
				GCC_WARN_ABOUT_RETURN_TYPE = YES_ERROR;
				GCC_WARN_UNDECLARED_SELECTOR = YES;
				GCC_WARN_UNINITIALIZED_AUTOS = YES_AGGRESSIVE;
				GCC_WARN_UNUSED_FUNCTION = YES;
				GCC_WARN_UNUSED_VARIABLE = YES;
				IPHONEOS_DEPLOYMENT_TARGET = 9.3;
				MTL_ENABLE_DEBUG_INFO = NO;
				SDKROOT = iphoneos;
				SWIFT_OPTIMIZATION_LEVEL = "-Owholemodule";
				VALIDATE_PRODUCT = YES;
			};
			name = Release;
		};
		EF3CF3171D754606005F141B /* Debug */ = {
			isa = XCBuildConfiguration;
			buildSettings = {
				ASSETCATALOG_COMPILER_APPICON_NAME = AppIcon;
				INFOPLIST_FILE = "To Do List/Info.plist";
				LD_RUNPATH_SEARCH_PATHS = "$(inherited) @executable_path/Frameworks";
				PRODUCT_BUNDLE_IDENTIFIER = "com.qburst.To-Do-List";
				PRODUCT_NAME = "$(TARGET_NAME)";
				SWIFT_VERSION = 3.0;
			};
			name = Debug;
		};
		EF3CF3181D754606005F141B /* Release */ = {
			isa = XCBuildConfiguration;
			buildSettings = {
				ASSETCATALOG_COMPILER_APPICON_NAME = AppIcon;
				INFOPLIST_FILE = "To Do List/Info.plist";
				LD_RUNPATH_SEARCH_PATHS = "$(inherited) @executable_path/Frameworks";
				PRODUCT_BUNDLE_IDENTIFIER = "com.qburst.To-Do-List";
				PRODUCT_NAME = "$(TARGET_NAME)";
				SWIFT_VERSION = 3.0;
			};
			name = Release;
		};
/* End XCBuildConfiguration section */

/* Begin XCConfigurationList section */
		EF3CF2FF1D754606005F141B /* Build configuration list for PBXProject "To Do List" */ = {
			isa = XCConfigurationList;
			buildConfigurations = (
				EF3CF3141D754606005F141B /* Debug */,
				EF3CF3151D754606005F141B /* Release */,
			);
			defaultConfigurationIsVisible = 0;
			defaultConfigurationName = Release;
		};
		EF3CF3161D754606005F141B /* Build configuration list for PBXNativeTarget "To Do List" */ = {
			isa = XCConfigurationList;
			buildConfigurations = (
				EF3CF3171D754606005F141B /* Debug */,
				EF3CF3181D754606005F141B /* Release */,
			);
			defaultConfigurationIsVisible = 0;
			defaultConfigurationName = Release;
		};
/* End XCConfigurationList section */

/* Begin XCVersionGroup section */
		EF40C1B61D8685FC007E5825 /* To_Do_List.xcdatamodeld */ = {
			isa = XCVersionGroup;
			children = (
				EF40C1B71D8685FC007E5825 /* To_Do_List.xcdatamodel */,
			);
			currentVersion = EF40C1B71D8685FC007E5825 /* To_Do_List.xcdatamodel */;
			path = To_Do_List.xcdatamodeld;
			sourceTree = "<group>";
			versionGroupType = wrapper.xcdatamodel;
		};
/* End XCVersionGroup section */
	};
	rootObject = EF3CF2FC1D754606005F141B /* Project object */;
}
